
Microsoft Visual Studio Solution File, Format Version 11.00
# Visual Basic Express 2010
Project("{F184B08F-C81C-45F6-A57F-5ABD9991F28F}") = "Pythagorean Triplets", "Pythagorean Triplets\Pythagorean Triplets.vbproj", "{30FB1621-15E4-42BD-A663-E893655FBA21}"
EndProject
Global
	GlobalSection(SolutionConfigurationPlatforms) = preSolution
		Debug|x86 = Debug|x86
		Release|x86 = Release|x86
	EndGlobalSection
	GlobalSection(ProjectConfigurationPlatforms) = postSolution
		{30FB1621-15E4-42BD-A663-E893655FBA21}.Debug|x86.ActiveCfg = Debug|x86
		{30FB1621-15E4-42BD-A663-E893655FBA21}.Debug|x86.Build.0 = Debug|x86
		{30FB1621-15E4-42BD-A663-E893655FBA21}.Release|x86.ActiveCfg = Release|x86
		{30FB1621-15E4-42BD-A663-E893655FBA21}.Release|x86.Build.0 = Release|x86
	EndGlobalSection
	GlobalSection(SolutionProperties) = preSolution
		HideSolutionNode = FALSE
	EndGlobalSection
EndGlobal
