
Microsoft Visual Studio Solution File, Format Version 11.00
# Visual Basic Express 2010
Project("{F184B08F-C81C-45F6-A57F-5ABD9991F28F}") = "Problem 18", "Problem 18\Problem 18.vbproj", "{F48E2ECC-A2C0-473B-9B0F-C4D16F755F69}"
EndProject
Global
	GlobalSection(SolutionConfigurationPlatforms) = preSolution
		Debug|x86 = Debug|x86
		Release|x86 = Release|x86
	EndGlobalSection
	GlobalSection(ProjectConfigurationPlatforms) = postSolution
		{F48E2ECC-A2C0-473B-9B0F-C4D16F755F69}.Debug|x86.ActiveCfg = Debug|x86
		{F48E2ECC-A2C0-473B-9B0F-C4D16F755F69}.Debug|x86.Build.0 = Debug|x86
		{F48E2ECC-A2C0-473B-9B0F-C4D16F755F69}.Release|x86.ActiveCfg = Release|x86
		{F48E2ECC-A2C0-473B-9B0F-C4D16F755F69}.Release|x86.Build.0 = Release|x86
	EndGlobalSection
	GlobalSection(SolutionProperties) = preSolution
		HideSolutionNode = FALSE
	EndGlobalSection
EndGlobal
