
Microsoft Visual Studio Solution File, Format Version 11.00
# Visual Basic Express 2010
Project("{F184B08F-C81C-45F6-A57F-5ABD9991F28F}") = "Problem 36", "Problem 36\Problem 36.vbproj", "{29901BD2-66A8-4AE4-B432-44B30BCDAD00}"
EndProject
Global
	GlobalSection(SolutionConfigurationPlatforms) = preSolution
		Debug|x86 = Debug|x86
		Release|x86 = Release|x86
	EndGlobalSection
	GlobalSection(ProjectConfigurationPlatforms) = postSolution
		{29901BD2-66A8-4AE4-B432-44B30BCDAD00}.Debug|x86.ActiveCfg = Debug|x86
		{29901BD2-66A8-4AE4-B432-44B30BCDAD00}.Debug|x86.Build.0 = Debug|x86
		{29901BD2-66A8-4AE4-B432-44B30BCDAD00}.Release|x86.ActiveCfg = Release|x86
		{29901BD2-66A8-4AE4-B432-44B30BCDAD00}.Release|x86.Build.0 = Release|x86
	EndGlobalSection
	GlobalSection(SolutionProperties) = preSolution
		HideSolutionNode = FALSE
	EndGlobalSection
EndGlobal
