
Microsoft Visual Studio Solution File, Format Version 11.00
# Visual Basic Express 2010
Project("{F184B08F-C81C-45F6-A57F-5ABD9991F28F}") = "Problem 32", "Problem 32\Problem 32.vbproj", "{F7334B34-CEB1-4106-9B9A-949F3B64297B}"
EndProject
Global
	GlobalSection(SolutionConfigurationPlatforms) = preSolution
		Debug|x86 = Debug|x86
		Release|x86 = Release|x86
	EndGlobalSection
	GlobalSection(ProjectConfigurationPlatforms) = postSolution
		{F7334B34-CEB1-4106-9B9A-949F3B64297B}.Debug|x86.ActiveCfg = Debug|x86
		{F7334B34-CEB1-4106-9B9A-949F3B64297B}.Debug|x86.Build.0 = Debug|x86
		{F7334B34-CEB1-4106-9B9A-949F3B64297B}.Release|x86.ActiveCfg = Release|x86
		{F7334B34-CEB1-4106-9B9A-949F3B64297B}.Release|x86.Build.0 = Release|x86
	EndGlobalSection
	GlobalSection(SolutionProperties) = preSolution
		HideSolutionNode = FALSE
	EndGlobalSection
EndGlobal
