
Microsoft Visual Studio Solution File, Format Version 11.00
# Visual Basic Express 2010
Project("{F184B08F-C81C-45F6-A57F-5ABD9991F28F}") = "Collatz Problem", "Collatz Problem\Collatz Problem.vbproj", "{BBE97901-0E56-4DFF-B2D9-86C8DC25BD53}"
EndProject
Global
	GlobalSection(SolutionConfigurationPlatforms) = preSolution
		Debug|x86 = Debug|x86
		Release|x86 = Release|x86
	EndGlobalSection
	GlobalSection(ProjectConfigurationPlatforms) = postSolution
		{BBE97901-0E56-4DFF-B2D9-86C8DC25BD53}.Debug|x86.ActiveCfg = Debug|x86
		{BBE97901-0E56-4DFF-B2D9-86C8DC25BD53}.Debug|x86.Build.0 = Debug|x86
		{BBE97901-0E56-4DFF-B2D9-86C8DC25BD53}.Release|x86.ActiveCfg = Release|x86
		{BBE97901-0E56-4DFF-B2D9-86C8DC25BD53}.Release|x86.Build.0 = Release|x86
	EndGlobalSection
	GlobalSection(SolutionProperties) = preSolution
		HideSolutionNode = FALSE
	EndGlobalSection
EndGlobal
