
Microsoft Visual Studio Solution File, Format Version 11.00
# Visual Basic Express 2010
Project("{F184B08F-C81C-45F6-A57F-5ABD9991F28F}") = "Sum Of 100 numbers", "Sum Of 100 numbers\Sum Of 100 numbers.vbproj", "{32ADEA5F-87F5-46E8-BAB9-F4D03D1DE77B}"
EndProject
Global
	GlobalSection(SolutionConfigurationPlatforms) = preSolution
		Debug|x86 = Debug|x86
		Release|x86 = Release|x86
	EndGlobalSection
	GlobalSection(ProjectConfigurationPlatforms) = postSolution
		{32ADEA5F-87F5-46E8-BAB9-F4D03D1DE77B}.Debug|x86.ActiveCfg = Debug|x86
		{32ADEA5F-87F5-46E8-BAB9-F4D03D1DE77B}.Debug|x86.Build.0 = Debug|x86
		{32ADEA5F-87F5-46E8-BAB9-F4D03D1DE77B}.Release|x86.ActiveCfg = Release|x86
		{32ADEA5F-87F5-46E8-BAB9-F4D03D1DE77B}.Release|x86.Build.0 = Release|x86
	EndGlobalSection
	GlobalSection(SolutionProperties) = preSolution
		HideSolutionNode = FALSE
	EndGlobalSection
EndGlobal
